
Microsoft Visual Studio Solution File, Format Version 12.00
# Visual Studio Version 17
VisualStudioVersion = 17.6.33815.320
MinimumVisualStudioVersion = 10.0.40219.1
Project("{9A19103F-16F7-4668-BE54-9A1E7A4F7556}") = "DmpExtractPE", "DmpExtractPE\DmpExtractPE.csproj", "{EBDEBCC4-07E6-4946-98E4-35B886646600}"
EndProject
Global
	GlobalSection(SolutionConfigurationPlatforms) = preSolution
		Debug|Any CPU = Debug|Any CPU
		Release|Any CPU = Release|Any CPU
	EndGlobalSection
	GlobalSection(ProjectConfigurationPlatforms) = postSolution
		{EBDEBCC4-07E6-4946-98E4-35B886646600}.Debug|Any CPU.ActiveCfg = Debug|Any CPU
		{EBDEBCC4-07E6-4946-98E4-35B886646600}.Debug|Any CPU.Build.0 = Debug|Any CPU
		{EBDEBCC4-07E6-4946-98E4-35B886646600}.Release|Any CPU.ActiveCfg = Release|Any CPU
		{EBDEBCC4-07E6-4946-98E4-35B886646600}.Release|Any CPU.Build.0 = Release|Any CPU
	EndGlobalSection
	GlobalSection(SolutionProperties) = preSolution
		HideSolutionNode = FALSE
	EndGlobalSection
	GlobalSection(ExtensibilityGlobals) = postSolution
		SolutionGuid = {B1076FF8-C149-4F24-BA15-208463A1B91D}
	EndGlobalSection
EndGlobal
